
Microsoft Visual Studio Solution File, Format Version 12.00
# Visual Studio Version 16
VisualStudioVersion = 16.0.29519.87
MinimumVisualStudioVersion = 10.0.40219.1
Project("{FAE04EC0-301F-11D3-BF4B-00C04F79EFBC}") = "MoleCC", "MoleCC\MoleCC.csproj", "{D8A4321A-F4D4-4F30-831B-1DABBD605306}"
EndProject
Global
	GlobalSection(SolutionConfigurationPlatforms) = preSolution
		Debug|Any CPU = Debug|Any CPU
		Release|Any CPU = Release|Any CPU
	EndGlobalSection
	GlobalSection(ProjectConfigurationPlatforms) = postSolution
		{D8A4321A-F4D4-4F30-831B-1DABBD605306}.Debug|Any CPU.ActiveCfg = Debug|Any CPU
		{D8A4321A-F4D4-4F30-831B-1DABBD605306}.Debug|Any CPU.Build.0 = Debug|Any CPU
		{D8A4321A-F4D4-4F30-831B-1DABBD605306}.Release|Any CPU.ActiveCfg = Release|Any CPU
		{D8A4321A-F4D4-4F30-831B-1DABBD605306}.Release|Any CPU.Build.0 = Release|Any CPU
	EndGlobalSection
	GlobalSection(SolutionProperties) = preSolution
		HideSolutionNode = FALSE
	EndGlobalSection
	GlobalSection(ExtensibilityGlobals) = postSolution
		SolutionGuid = {116FFEE1-C7FC-408B-A6C4-8604BB52364B}
	EndGlobalSection
EndGlobal
